github.com/ernstvorsteveld/go-random v0.0.1 h1:XBx6fWpHnpOI3WVvf1E928lLAgcoWn+w0OrHQVtyWDs=
github.com/ernstvorsteveld/go-random v0.0.1/go.mod h1:GRMO7TVgXEizVt7U/LJQ4w2PYdiCRoorgUJzbO2NeUs=
github.com/google/uuid v1.1.1 h1:Gkbcsh/GbpXz7lPftLA3P6TYMwjCLYm83jiFQZF/3gY=
github.com/google/uuid v1.1.1/go.mod h1:TIyPZe4MgqvfeYDBFedMoGGpEw/LqOeaOT+nhxU+yHo=
